
Microsoft Visual Studio Solution File, Format Version 12.00
# Visual Studio Version 17
VisualStudioVersion = 17.5.33627.172
MinimumVisualStudioVersion = 10.0.40219.1
Project("{9A19103F-16F7-4668-BE54-9A1E7A4F7556}") = "bestNum", "exercises\bestNum.csproj", "{131039E5-E119-47D1-A701-85D1B9E25099}"
EndProject
Project("{9A19103F-16F7-4668-BE54-9A1E7A4F7556}") = "letter_index", "letter_index\letter_index.csproj", "{7B7DEDCC-82C4-45D7-9C00-ABC2F62A19A3}"
EndProject
Project("{9A19103F-16F7-4668-BE54-9A1E7A4F7556}") = "array_to_number", "array_to_number\array_to_number.csproj", "{BC209FFE-878C-43EB-8A42-504E0D918547}"
EndProject
Project("{9A19103F-16F7-4668-BE54-9A1E7A4F7556}") = "rotate_sum", "rotate_sum\rotate_sum.csproj", "{5CA19F4F-355A-4578-8D26-A41DFBE71A31}"
EndProject
Project("{9A19103F-16F7-4668-BE54-9A1E7A4F7556}") = "fold_sum", "fold_sum\fold_sum.csproj", "{AF31C918-B5E0-422B-B5E1-ABC5FDF2E9D5}"
EndProject
Project("{9A19103F-16F7-4668-BE54-9A1E7A4F7556}") = "array_processing", "array_processing\array_processing.csproj", "{7654BD24-945C-48B0-AA11-0EC70C78E385}"
EndProject
Project("{9A19103F-16F7-4668-BE54-9A1E7A4F7556}") = "n_numbers_k_nums_back", "n_numbers_k_nums_back\n_numbers_k_nums_back.csproj", "{5B256C4F-39C6-48F4-9296-69EFF109F930}"
EndProject
Project("{9A19103F-16F7-4668-BE54-9A1E7A4F7556}") = "number_mid", "number_mid\number_mid.csproj", "{605C2E11-2885-4A25-927F-AB0E639A0BDC}"
EndProject
Project("{9A19103F-16F7-4668-BE54-9A1E7A4F7556}") = "storage_info", "storage_info\storage_info.csproj", "{19FFD897-B18B-40C9-8774-4BA0B056A029}"
EndProject
Project("{9A19103F-16F7-4668-BE54-9A1E7A4F7556}") = "names_list", "names_list\names_list.csproj", "{55CA5941-805B-40C7-8316-4F36260A7B81}"
EndProject
Project("{9A19103F-16F7-4668-BE54-9A1E7A4F7556}") = "even_numbers_list", "even_numbers_list\even_numbers_list.csproj", "{72E1B416-C74B-495C-93F2-582364B12E10}"
EndProject
Project("{9A19103F-16F7-4668-BE54-9A1E7A4F7556}") = "list_max_and_min", "list_max_and_min\list_max_and_min.csproj", "{EBA46977-225D-4631-B40F-DC6D4B66DFD2}"
EndProject
Project("{9A19103F-16F7-4668-BE54-9A1E7A4F7556}") = "longest_repeated_number", "longest_repeated_number\longest_repeated_number.csproj", "{EB399414-2AE7-4541-A1A8-F47E7D28B1E1}"
EndProject
Project("{9A19103F-16F7-4668-BE54-9A1E7A4F7556}") = "reverse_sum", "reverse_sum\reverse_sum.csproj", "{F1609190-9DF8-43F8-932E-8A4330BDA477}"
EndProject
Project("{9A19103F-16F7-4668-BE54-9A1E7A4F7556}") = "remove_last_all", "remove_last_all\remove_last_all.csproj", "{F1F73BF9-5A49-48C6-94D3-E0054FFA870D}"
EndProject
Project("{9A19103F-16F7-4668-BE54-9A1E7A4F7556}") = "remove_negative", "remove_negative\remove_negative.csproj", "{F071D3D8-7FF0-4888-B977-A7E289E2508A}"
EndProject
Project("{9A19103F-16F7-4668-BE54-9A1E7A4F7556}") = "list_union", "list_union\list_union.csproj", "{AD7302A5-ED10-4D06-88C0-E23B5743CC46}"
EndProject
Project("{9A19103F-16F7-4668-BE54-9A1E7A4F7556}") = "bombs", "bombs\bombs.csproj", "{CEBD2EDE-1F14-43F0-B2EA-7A108EEB4231}"
EndProject
Project("{9A19103F-16F7-4668-BE54-9A1E7A4F7556}") = "squareroot_finder", "squareroot_finder\squareroot_finder.csproj", "{06BB8478-B4E2-4399-B03D-8B907C6F971A}"
EndProject
Project("{9A19103F-16F7-4668-BE54-9A1E7A4F7556}") = "count_of_repeated_numbers", "count_of_repeated_numbers\count_of_repeated_numbers.csproj", "{16D334A1-26F5-48DD-920E-B9C72677989C}"
EndProject
Project("{9A19103F-16F7-4668-BE54-9A1E7A4F7556}") = "next_to_next_sum", "next_to_next_sum\next_to_next_sum.csproj", "{FECD63C6-D938-4BCC-A94A-E3F870D0A6F4}"
EndProject
Project("{9A19103F-16F7-4668-BE54-9A1E7A4F7556}") = "word_sorter", "word_sorter\word_sorter.csproj", "{824A816C-0DC6-4A03-9F0C-70F1D11F29DB}"
EndProject
Project("{9A19103F-16F7-4668-BE54-9A1E7A4F7556}") = "restDays", "restDays\restDays.csproj", "{6AFCCF8D-F5A1-4DD5-82AE-1314E78EDE37}"
EndProject
Project("{9A19103F-16F7-4668-BE54-9A1E7A4F7556}") = "unicode", "unicode\unicode.csproj", "{E2960933-03CA-4589-9B6E-A9462A43E591}"
EndProject
Project("{9A19103F-16F7-4668-BE54-9A1E7A4F7556}") = "mirror_string", "mirror_string\mirror_string.csproj", "{9BB218FF-ED97-40AB-BE6F-4A425F1662AA}"
EndProject
Project("{FAE04EC0-301F-11D3-BF4B-00C04F79EFBC}") = "big_numbers_sum", "big_numbers_sum\big_numbers_sum.csproj", "{EFB1AF1A-B215-4C15-BC94-7EBB5A55BA89}"
EndProject
Project("{FAE04EC0-301F-11D3-BF4B-00C04F79EFBC}") = "big_numbers_mult", "big_numbers_mult\big_numbers_mult.csproj", "{6F3726BD-B35D-4BB2-A73C-8B37AD5DF8BD}"
EndProject
Project("{FAE04EC0-301F-11D3-BF4B-00C04F79EFBC}") = "number_letter_game", "number_letter_game\number_letter_game.csproj", "{8DC543A1-79C8-46E6-AB5C-7B9177357C24}"
EndProject
Project("{FAE04EC0-301F-11D3-BF4B-00C04F79EFBC}") = "letters_only", "letters_only\letters_only.csproj", "{AC02C6F8-2A88-42F1-968E-CF143582F69A}"
EndProject
Global
	GlobalSection(SolutionConfigurationPlatforms) = preSolution
		Debug|Any CPU = Debug|Any CPU
		Release|Any CPU = Release|Any CPU
	EndGlobalSection
	GlobalSection(ProjectConfigurationPlatforms) = postSolution
		{131039E5-E119-47D1-A701-85D1B9E25099}.Debug|Any CPU.ActiveCfg = Debug|Any CPU
		{131039E5-E119-47D1-A701-85D1B9E25099}.Debug|Any CPU.Build.0 = Debug|Any CPU
		{131039E5-E119-47D1-A701-85D1B9E25099}.Release|Any CPU.ActiveCfg = Release|Any CPU
		{131039E5-E119-47D1-A701-85D1B9E25099}.Release|Any CPU.Build.0 = Release|Any CPU
		{7B7DEDCC-82C4-45D7-9C00-ABC2F62A19A3}.Debug|Any CPU.ActiveCfg = Debug|Any CPU
		{7B7DEDCC-82C4-45D7-9C00-ABC2F62A19A3}.Debug|Any CPU.Build.0 = Debug|Any CPU
		{7B7DEDCC-82C4-45D7-9C00-ABC2F62A19A3}.Release|Any CPU.ActiveCfg = Release|Any CPU
		{7B7DEDCC-82C4-45D7-9C00-ABC2F62A19A3}.Release|Any CPU.Build.0 = Release|Any CPU
		{BC209FFE-878C-43EB-8A42-504E0D918547}.Debug|Any CPU.ActiveCfg = Debug|Any CPU
		{BC209FFE-878C-43EB-8A42-504E0D918547}.Debug|Any CPU.Build.0 = Debug|Any CPU
		{BC209FFE-878C-43EB-8A42-504E0D918547}.Release|Any CPU.ActiveCfg = Release|Any CPU
		{BC209FFE-878C-43EB-8A42-504E0D918547}.Release|Any CPU.Build.0 = Release|Any CPU
		{5CA19F4F-355A-4578-8D26-A41DFBE71A31}.Debug|Any CPU.ActiveCfg = Debug|Any CPU
		{5CA19F4F-355A-4578-8D26-A41DFBE71A31}.Debug|Any CPU.Build.0 = Debug|Any CPU
		{5CA19F4F-355A-4578-8D26-A41DFBE71A31}.Release|Any CPU.ActiveCfg = Release|Any CPU
		{5CA19F4F-355A-4578-8D26-A41DFBE71A31}.Release|Any CPU.Build.0 = Release|Any CPU
		{AF31C918-B5E0-422B-B5E1-ABC5FDF2E9D5}.Debug|Any CPU.ActiveCfg = Debug|Any CPU
		{AF31C918-B5E0-422B-B5E1-ABC5FDF2E9D5}.Debug|Any CPU.Build.0 = Debug|Any CPU
		{AF31C918-B5E0-422B-B5E1-ABC5FDF2E9D5}.Release|Any CPU.ActiveCfg = Release|Any CPU
		{AF31C918-B5E0-422B-B5E1-ABC5FDF2E9D5}.Release|Any CPU.Build.0 = Release|Any CPU
		{7654BD24-945C-48B0-AA11-0EC70C78E385}.Debug|Any CPU.ActiveCfg = Debug|Any CPU
		{7654BD24-945C-48B0-AA11-0EC70C78E385}.Debug|Any CPU.Build.0 = Debug|Any CPU
		{7654BD24-945C-48B0-AA11-0EC70C78E385}.Release|Any CPU.ActiveCfg = Release|Any CPU
		{7654BD24-945C-48B0-AA11-0EC70C78E385}.Release|Any CPU.Build.0 = Release|Any CPU
		{5B256C4F-39C6-48F4-9296-69EFF109F930}.Debug|Any CPU.ActiveCfg = Debug|Any CPU
		{5B256C4F-39C6-48F4-9296-69EFF109F930}.Debug|Any CPU.Build.0 = Debug|Any CPU
		{5B256C4F-39C6-48F4-9296-69EFF109F930}.Release|Any CPU.ActiveCfg = Release|Any CPU
		{5B256C4F-39C6-48F4-9296-69EFF109F930}.Release|Any CPU.Build.0 = Release|Any CPU
		{605C2E11-2885-4A25-927F-AB0E639A0BDC}.Debug|Any CPU.ActiveCfg = Debug|Any CPU
		{605C2E11-2885-4A25-927F-AB0E639A0BDC}.Debug|Any CPU.Build.0 = Debug|Any CPU
		{605C2E11-2885-4A25-927F-AB0E639A0BDC}.Release|Any CPU.ActiveCfg = Release|Any CPU
		{605C2E11-2885-4A25-927F-AB0E639A0BDC}.Release|Any CPU.Build.0 = Release|Any CPU
		{19FFD897-B18B-40C9-8774-4BA0B056A029}.Debug|Any CPU.ActiveCfg = Debug|Any CPU
		{19FFD897-B18B-40C9-8774-4BA0B056A029}.Debug|Any CPU.Build.0 = Debug|Any CPU
		{19FFD897-B18B-40C9-8774-4BA0B056A029}.Release|Any CPU.ActiveCfg = Release|Any CPU
		{19FFD897-B18B-40C9-8774-4BA0B056A029}.Release|Any CPU.Build.0 = Release|Any CPU
		{55CA5941-805B-40C7-8316-4F36260A7B81}.Debug|Any CPU.ActiveCfg = Debug|Any CPU
		{55CA5941-805B-40C7-8316-4F36260A7B81}.Debug|Any CPU.Build.0 = Debug|Any CPU
		{55CA5941-805B-40C7-8316-4F36260A7B81}.Release|Any CPU.ActiveCfg = Release|Any CPU
		{55CA5941-805B-40C7-8316-4F36260A7B81}.Release|Any CPU.Build.0 = Release|Any CPU
		{72E1B416-C74B-495C-93F2-582364B12E10}.Debug|Any CPU.ActiveCfg = Debug|Any CPU
		{72E1B416-C74B-495C-93F2-582364B12E10}.Debug|Any CPU.Build.0 = Debug|Any CPU
		{72E1B416-C74B-495C-93F2-582364B12E10}.Release|Any CPU.ActiveCfg = Release|Any CPU
		{72E1B416-C74B-495C-93F2-582364B12E10}.Release|Any CPU.Build.0 = Release|Any CPU
		{EBA46977-225D-4631-B40F-DC6D4B66DFD2}.Debug|Any CPU.ActiveCfg = Debug|Any CPU
		{EBA46977-225D-4631-B40F-DC6D4B66DFD2}.Debug|Any CPU.Build.0 = Debug|Any CPU
		{EBA46977-225D-4631-B40F-DC6D4B66DFD2}.Release|Any CPU.ActiveCfg = Release|Any CPU
		{EBA46977-225D-4631-B40F-DC6D4B66DFD2}.Release|Any CPU.Build.0 = Release|Any CPU
		{EB399414-2AE7-4541-A1A8-F47E7D28B1E1}.Debug|Any CPU.ActiveCfg = Debug|Any CPU
		{EB399414-2AE7-4541-A1A8-F47E7D28B1E1}.Debug|Any CPU.Build.0 = Debug|Any CPU
		{EB399414-2AE7-4541-A1A8-F47E7D28B1E1}.Release|Any CPU.ActiveCfg = Release|Any CPU
		{EB399414-2AE7-4541-A1A8-F47E7D28B1E1}.Release|Any CPU.Build.0 = Release|Any CPU
		{F1609190-9DF8-43F8-932E-8A4330BDA477}.Debug|Any CPU.ActiveCfg = Debug|Any CPU
		{F1609190-9DF8-43F8-932E-8A4330BDA477}.Debug|Any CPU.Build.0 = Debug|Any CPU
		{F1609190-9DF8-43F8-932E-8A4330BDA477}.Release|Any CPU.ActiveCfg = Release|Any CPU
		{F1609190-9DF8-43F8-932E-8A4330BDA477}.Release|Any CPU.Build.0 = Release|Any CPU
		{F1F73BF9-5A49-48C6-94D3-E0054FFA870D}.Debug|Any CPU.ActiveCfg = Debug|Any CPU
		{F1F73BF9-5A49-48C6-94D3-E0054FFA870D}.Debug|Any CPU.Build.0 = Debug|Any CPU
		{F1F73BF9-5A49-48C6-94D3-E0054FFA870D}.Release|Any CPU.ActiveCfg = Release|Any CPU
		{F1F73BF9-5A49-48C6-94D3-E0054FFA870D}.Release|Any CPU.Build.0 = Release|Any CPU
		{F071D3D8-7FF0-4888-B977-A7E289E2508A}.Debug|Any CPU.ActiveCfg = Debug|Any CPU
		{F071D3D8-7FF0-4888-B977-A7E289E2508A}.Debug|Any CPU.Build.0 = Debug|Any CPU
		{F071D3D8-7FF0-4888-B977-A7E289E2508A}.Release|Any CPU.ActiveCfg = Release|Any CPU
		{F071D3D8-7FF0-4888-B977-A7E289E2508A}.Release|Any CPU.Build.0 = Release|Any CPU
		{AD7302A5-ED10-4D06-88C0-E23B5743CC46}.Debug|Any CPU.ActiveCfg = Debug|Any CPU
		{AD7302A5-ED10-4D06-88C0-E23B5743CC46}.Debug|Any CPU.Build.0 = Debug|Any CPU
		{AD7302A5-ED10-4D06-88C0-E23B5743CC46}.Release|Any CPU.ActiveCfg = Release|Any CPU
		{AD7302A5-ED10-4D06-88C0-E23B5743CC46}.Release|Any CPU.Build.0 = Release|Any CPU
		{CEBD2EDE-1F14-43F0-B2EA-7A108EEB4231}.Debug|Any CPU.ActiveCfg = Debug|Any CPU
		{CEBD2EDE-1F14-43F0-B2EA-7A108EEB4231}.Debug|Any CPU.Build.0 = Debug|Any CPU
		{CEBD2EDE-1F14-43F0-B2EA-7A108EEB4231}.Release|Any CPU.ActiveCfg = Release|Any CPU
		{CEBD2EDE-1F14-43F0-B2EA-7A108EEB4231}.Release|Any CPU.Build.0 = Release|Any CPU
		{06BB8478-B4E2-4399-B03D-8B907C6F971A}.Debug|Any CPU.ActiveCfg = Debug|Any CPU
		{06BB8478-B4E2-4399-B03D-8B907C6F971A}.Debug|Any CPU.Build.0 = Debug|Any CPU
		{06BB8478-B4E2-4399-B03D-8B907C6F971A}.Release|Any CPU.ActiveCfg = Release|Any CPU
		{06BB8478-B4E2-4399-B03D-8B907C6F971A}.Release|Any CPU.Build.0 = Release|Any CPU
		{16D334A1-26F5-48DD-920E-B9C72677989C}.Debug|Any CPU.ActiveCfg = Debug|Any CPU
		{16D334A1-26F5-48DD-920E-B9C72677989C}.Debug|Any CPU.Build.0 = Debug|Any CPU
		{16D334A1-26F5-48DD-920E-B9C72677989C}.Release|Any CPU.ActiveCfg = Release|Any CPU
		{16D334A1-26F5-48DD-920E-B9C72677989C}.Release|Any CPU.Build.0 = Release|Any CPU
		{FECD63C6-D938-4BCC-A94A-E3F870D0A6F4}.Debug|Any CPU.ActiveCfg = Debug|Any CPU
		{FECD63C6-D938-4BCC-A94A-E3F870D0A6F4}.Debug|Any CPU.Build.0 = Debug|Any CPU
		{FECD63C6-D938-4BCC-A94A-E3F870D0A6F4}.Release|Any CPU.ActiveCfg = Release|Any CPU
		{FECD63C6-D938-4BCC-A94A-E3F870D0A6F4}.Release|Any CPU.Build.0 = Release|Any CPU
		{824A816C-0DC6-4A03-9F0C-70F1D11F29DB}.Debug|Any CPU.ActiveCfg = Debug|Any CPU
		{824A816C-0DC6-4A03-9F0C-70F1D11F29DB}.Debug|Any CPU.Build.0 = Debug|Any CPU
		{824A816C-0DC6-4A03-9F0C-70F1D11F29DB}.Release|Any CPU.ActiveCfg = Release|Any CPU
		{824A816C-0DC6-4A03-9F0C-70F1D11F29DB}.Release|Any CPU.Build.0 = Release|Any CPU
		{6AFCCF8D-F5A1-4DD5-82AE-1314E78EDE37}.Debug|Any CPU.ActiveCfg = Debug|Any CPU
		{6AFCCF8D-F5A1-4DD5-82AE-1314E78EDE37}.Debug|Any CPU.Build.0 = Debug|Any CPU
		{6AFCCF8D-F5A1-4DD5-82AE-1314E78EDE37}.Release|Any CPU.ActiveCfg = Release|Any CPU
		{6AFCCF8D-F5A1-4DD5-82AE-1314E78EDE37}.Release|Any CPU.Build.0 = Release|Any CPU
		{E2960933-03CA-4589-9B6E-A9462A43E591}.Debug|Any CPU.ActiveCfg = Debug|Any CPU
		{E2960933-03CA-4589-9B6E-A9462A43E591}.Debug|Any CPU.Build.0 = Debug|Any CPU
		{E2960933-03CA-4589-9B6E-A9462A43E591}.Release|Any CPU.ActiveCfg = Release|Any CPU
		{E2960933-03CA-4589-9B6E-A9462A43E591}.Release|Any CPU.Build.0 = Release|Any CPU
		{9BB218FF-ED97-40AB-BE6F-4A425F1662AA}.Debug|Any CPU.ActiveCfg = Debug|Any CPU
		{9BB218FF-ED97-40AB-BE6F-4A425F1662AA}.Debug|Any CPU.Build.0 = Debug|Any CPU
		{9BB218FF-ED97-40AB-BE6F-4A425F1662AA}.Release|Any CPU.ActiveCfg = Release|Any CPU
		{9BB218FF-ED97-40AB-BE6F-4A425F1662AA}.Release|Any CPU.Build.0 = Release|Any CPU
		{EFB1AF1A-B215-4C15-BC94-7EBB5A55BA89}.Debug|Any CPU.ActiveCfg = Debug|Any CPU
		{EFB1AF1A-B215-4C15-BC94-7EBB5A55BA89}.Debug|Any CPU.Build.0 = Debug|Any CPU
		{EFB1AF1A-B215-4C15-BC94-7EBB5A55BA89}.Release|Any CPU.ActiveCfg = Release|Any CPU
		{EFB1AF1A-B215-4C15-BC94-7EBB5A55BA89}.Release|Any CPU.Build.0 = Release|Any CPU
		{6F3726BD-B35D-4BB2-A73C-8B37AD5DF8BD}.Debug|Any CPU.ActiveCfg = Debug|Any CPU
		{6F3726BD-B35D-4BB2-A73C-8B37AD5DF8BD}.Debug|Any CPU.Build.0 = Debug|Any CPU
		{6F3726BD-B35D-4BB2-A73C-8B37AD5DF8BD}.Release|Any CPU.ActiveCfg = Release|Any CPU
		{6F3726BD-B35D-4BB2-A73C-8B37AD5DF8BD}.Release|Any CPU.Build.0 = Release|Any CPU
		{8DC543A1-79C8-46E6-AB5C-7B9177357C24}.Debug|Any CPU.ActiveCfg = Debug|Any CPU
		{8DC543A1-79C8-46E6-AB5C-7B9177357C24}.Debug|Any CPU.Build.0 = Debug|Any CPU
		{8DC543A1-79C8-46E6-AB5C-7B9177357C24}.Release|Any CPU.ActiveCfg = Release|Any CPU
		{8DC543A1-79C8-46E6-AB5C-7B9177357C24}.Release|Any CPU.Build.0 = Release|Any CPU
		{AC02C6F8-2A88-42F1-968E-CF143582F69A}.Debug|Any CPU.ActiveCfg = Debug|Any CPU
		{AC02C6F8-2A88-42F1-968E-CF143582F69A}.Debug|Any CPU.Build.0 = Debug|Any CPU
		{AC02C6F8-2A88-42F1-968E-CF143582F69A}.Release|Any CPU.ActiveCfg = Release|Any CPU
		{AC02C6F8-2A88-42F1-968E-CF143582F69A}.Release|Any CPU.Build.0 = Release|Any CPU
	EndGlobalSection
	GlobalSection(SolutionProperties) = preSolution
		HideSolutionNode = FALSE
	EndGlobalSection
	GlobalSection(ExtensibilityGlobals) = postSolution
		SolutionGuid = {E1F6B7DA-3BF5-4737-B71F-CF9E0959E590}
	EndGlobalSection
EndGlobal
